# @generated - this file is auto-generated by `mise lock` https://mise.jdx.dev/dev-tools/mise-lock.html

[[tools."aqua:kubernetes-sigs/kustomize"]]
version = "5.7.1"
backend = "aqua:kubernetes-sigs/kustomize"

[tools."aqua:kubernetes-sigs/kustomize"."platforms.linux-arm64"]
checksum = "sha256:4261a040217df3bd6896597c3986d1465925726e4f22a945304b5233a4dcdbda"
url = "https://github.com/kubernetes-sigs/kustomize/releases/download/kustomize/v5.7.1/kustomize_v5.7.1_linux_arm64.tar.gz"
url_api = "https://api.github.com/repos/kubernetes-sigs/kustomize/releases/assets/275587121"

[tools."aqua:kubernetes-sigs/kustomize"."platforms.linux-arm64-musl"]
checksum = "sha256:4261a040217df3bd6896597c3986d1465925726e4f22a945304b5233a4dcdbda"
url = "https://github.com/kubernetes-sigs/kustomize/releases/download/kustomize/v5.7.1/kustomize_v5.7.1_linux_arm64.tar.gz"
url_api = "https://api.github.com/repos/kubernetes-sigs/kustomize/releases/assets/275587121"

[tools."aqua:kubernetes-sigs/kustomize"."platforms.linux-x64"]
checksum = "sha256:ea375e7372f9aa029129d4b2d16c66b7750b7f1213c4f66f910d981c895818d8"
url = "https://github.com/kubernetes-sigs/kustomize/releases/download/kustomize/v5.7.1/kustomize_v5.7.1_linux_amd64.tar.gz"
url_api = "https://api.github.com/repos/kubernetes-sigs/kustomize/releases/assets/275587124"

[tools."aqua:kubernetes-sigs/kustomize"."platforms.linux-x64-musl"]
checksum = "sha256:ea375e7372f9aa029129d4b2d16c66b7750b7f1213c4f66f910d981c895818d8"
url = "https://github.com/kubernetes-sigs/kustomize/releases/download/kustomize/v5.7.1/kustomize_v5.7.1_linux_amd64.tar.gz"
url_api = "https://api.github.com/repos/kubernetes-sigs/kustomize/releases/assets/275587124"

[tools."aqua:kubernetes-sigs/kustomize"."platforms.macos-arm64"]
checksum = "sha256:073e9d16d5a235e2ff83e62d6b76edb5d962adbc33be1e4860c4b3f1f39b33b9"
url = "https://github.com/kubernetes-sigs/kustomize/releases/download/kustomize/v5.7.1/kustomize_v5.7.1_darwin_arm64.tar.gz"
url_api = "https://api.github.com/repos/kubernetes-sigs/kustomize/releases/assets/275587119"

[tools."aqua:kubernetes-sigs/kustomize"."platforms.macos-x64"]
checksum = "sha256:4a0dff80c5644df6bc8f51b342842969004cb6ba5f94dddaabbea7483493273d"
url = "https://github.com/kubernetes-sigs/kustomize/releases/download/kustomize/v5.7.1/kustomize_v5.7.1_darwin_amd64.tar.gz"
url_api = "https://api.github.com/repos/kubernetes-sigs/kustomize/releases/assets/275587122"

[tools."aqua:kubernetes-sigs/kustomize"."platforms.windows-x64"]
checksum = "sha256:4704f8b47582c1c52bf76a50b37178f7f7de17f892713794a8bf44b01b50e0ce"
url = "https://github.com/kubernetes-sigs/kustomize/releases/download/kustomize/v5.7.1/kustomize_v5.7.1_windows_amd64.zip"
url_api = "https://api.github.com/repos/kubernetes-sigs/kustomize/releases/assets/275587134"

[[tools."aqua:mikefarah/yq"]]
version = "4.53.3"
backend = "aqua:mikefarah/yq"

[tools."aqua:mikefarah/yq"."platforms.linux-arm64"]
checksum = "sha256:578648e463a11c1b6db6010cbf41eafed6bee79466fcffa1bb446672cf7945ea"
url = "https://github.com/mikefarah/yq/releases/download/v4.53.3/yq_linux_arm64"
url_api = "https://api.github.com/repos/mikefarah/yq/releases/assets/440146727"
provenance = "cosign"

[tools."aqua:mikefarah/yq"."platforms.linux-arm64-musl"]
checksum = "sha256:578648e463a11c1b6db6010cbf41eafed6bee79466fcffa1bb446672cf7945ea"
url = "https://github.com/mikefarah/yq/releases/download/v4.53.3/yq_linux_arm64"
url_api = "https://api.github.com/repos/mikefarah/yq/releases/assets/440146727"
provenance = "cosign"

[tools."aqua:mikefarah/yq"."platforms.linux-x64"]
checksum = "sha256:fa52a4e758c63d38299163fbdd1edfb4c4963247918bf9c1c5d31d84789eded4"
url = "https://github.com/mikefarah/yq/releases/download/v4.53.3/yq_linux_amd64"
url_api = "https://api.github.com/repos/mikefarah/yq/releases/assets/440146735"
provenance = "cosign"

[tools."aqua:mikefarah/yq"."platforms.linux-x64-musl"]
checksum = "sha256:fa52a4e758c63d38299163fbdd1edfb4c4963247918bf9c1c5d31d84789eded4"
url = "https://github.com/mikefarah/yq/releases/download/v4.53.3/yq_linux_amd64"
url_api = "https://api.github.com/repos/mikefarah/yq/releases/assets/440146735"
provenance = "cosign"

[tools."aqua:mikefarah/yq"."platforms.macos-arm64"]
checksum = "sha256:877de31753a4dd2401aa048937aa9a7fc4d5f6ce858cf31508c5802954297213"
url = "https://github.com/mikefarah/yq/releases/download/v4.53.3/yq_darwin_arm64"
url_api = "https://api.github.com/repos/mikefarah/yq/releases/assets/440146762"
provenance = "cosign"

[tools."aqua:mikefarah/yq"."platforms.macos-x64"]
checksum = "sha256:b4ba1ecce3c47f00803f4f964de38394326c7a32eb6540616e04fb2935a0f08d"
url = "https://github.com/mikefarah/yq/releases/download/v4.53.3/yq_darwin_amd64"
url_api = "https://api.github.com/repos/mikefarah/yq/releases/assets/440146744"
provenance = "cosign"

[tools."aqua:mikefarah/yq"."platforms.windows-x64"]
checksum = "sha256:e279bc506a452eeafcdf364f91a025455e402a8001169083caf01f4b64a544e2"
url = "https://github.com/mikefarah/yq/releases/download/v4.53.3/yq_windows_amd64.exe"
url_api = "https://api.github.com/repos/mikefarah/yq/releases/assets/440146721"
provenance = "cosign"

[[tools."aqua:yannh/kubeconform"]]
version = "0.7.0"
backend = "aqua:yannh/kubeconform"

[tools."aqua:yannh/kubeconform"."platforms.linux-arm64"]
checksum = "sha256:cc907ccf9e3c34523f0f32b69745265e0a6908ca85b92f41931d4537860eb83c"
url = "https://github.com/yannh/kubeconform/releases/download/v0.7.0/kubeconform-linux-arm64.tar.gz"
url_api = "https://api.github.com/repos/yannh/kubeconform/releases/assets/253886790"

[tools."aqua:yannh/kubeconform"."platforms.linux-arm64-musl"]
checksum = "sha256:cc907ccf9e3c34523f0f32b69745265e0a6908ca85b92f41931d4537860eb83c"
url = "https://github.com/yannh/kubeconform/releases/download/v0.7.0/kubeconform-linux-arm64.tar.gz"
url_api = "https://api.github.com/repos/yannh/kubeconform/releases/assets/253886790"

[tools."aqua:yannh/kubeconform"."platforms.linux-x64"]
checksum = "sha256:c31518ddd122663b3f3aa874cfe8178cb0988de944f29c74a0b9260920d115d3"
url = "https://github.com/yannh/kubeconform/releases/download/v0.7.0/kubeconform-linux-amd64.tar.gz"
url_api = "https://api.github.com/repos/yannh/kubeconform/releases/assets/253886788"

[tools."aqua:yannh/kubeconform"."platforms.linux-x64-musl"]
checksum = "sha256:c31518ddd122663b3f3aa874cfe8178cb0988de944f29c74a0b9260920d115d3"
url = "https://github.com/yannh/kubeconform/releases/download/v0.7.0/kubeconform-linux-amd64.tar.gz"
url_api = "https://api.github.com/repos/yannh/kubeconform/releases/assets/253886788"

[tools."aqua:yannh/kubeconform"."platforms.macos-arm64"]
checksum = "sha256:b5d32b2cb77f9c781c976b20a85e2d0bc8f9184d5d1cfe665a2f31a19f99eeb9"
url = "https://github.com/yannh/kubeconform/releases/download/v0.7.0/kubeconform-darwin-arm64.tar.gz"
url_api = "https://api.github.com/repos/yannh/kubeconform/releases/assets/253886781"

[tools."aqua:yannh/kubeconform"."platforms.macos-x64"]
checksum = "sha256:c6771cc894d82e1b12f35ee797dcda1f7da6a3787aa30902a15c264056dd40d4"
url = "https://github.com/yannh/kubeconform/releases/download/v0.7.0/kubeconform-darwin-amd64.tar.gz"
url_api = "https://api.github.com/repos/yannh/kubeconform/releases/assets/253886793"

[tools."aqua:yannh/kubeconform"."platforms.windows-x64"]
checksum = "sha256:9cb75551d81c909c2241ab383ced2be68363b5bfb15fd989badcc5a63bea5d7e"
url = "https://github.com/yannh/kubeconform/releases/download/v0.7.0/kubeconform-windows-amd64.zip"
url_api = "https://api.github.com/repos/yannh/kubeconform/releases/assets/253886778"

[[tools."github:controlplaneio-fluxcd/flux-operator"]]
version = "0.55.0"
backend = "github:controlplaneio-fluxcd/flux-operator"

[tools."github:controlplaneio-fluxcd/flux-operator"."platforms.linux-arm64"]
checksum = "sha256:228380fdee63c310634eef11da2319641a2d42deb5464a3456a5113cbd5325f4"
url = "https://github.com/controlplaneio-fluxcd/flux-operator/releases/download/v0.55.0/flux-operator_0.55.0_linux_arm64.tar.gz"
url_api = "https://api.github.com/repos/controlplaneio-fluxcd/flux-operator/releases/assets/475574494"
provenance = "github-attestations"

[tools."github:controlplaneio-fluxcd/flux-operator"."platforms.linux-arm64-musl"]
checksum = "sha256:228380fdee63c310634eef11da2319641a2d42deb5464a3456a5113cbd5325f4"
url = "https://github.com/controlplaneio-fluxcd/flux-operator/releases/download/v0.55.0/flux-operator_0.55.0_linux_arm64.tar.gz"
url_api = "https://api.github.com/repos/controlplaneio-fluxcd/flux-operator/releases/assets/475574494"
provenance = "github-attestations"

[tools."github:controlplaneio-fluxcd/flux-operator"."platforms.linux-x64"]
checksum = "sha256:67a9dad35c06ad76a298b6a28440022be0e2db3b93ef96dd090b4eaa77f542f7"
url = "https://github.com/controlplaneio-fluxcd/flux-operator/releases/download/v0.55.0/flux-operator_0.55.0_linux_amd64.tar.gz"
url_api = "https://api.github.com/repos/controlplaneio-fluxcd/flux-operator/releases/assets/475574497"
provenance = "github-attestations"

[tools."github:controlplaneio-fluxcd/flux-operator"."platforms.linux-x64-musl"]
checksum = "sha256:67a9dad35c06ad76a298b6a28440022be0e2db3b93ef96dd090b4eaa77f542f7"
url = "https://github.com/controlplaneio-fluxcd/flux-operator/releases/download/v0.55.0/flux-operator_0.55.0_linux_amd64.tar.gz"
url_api = "https://api.github.com/repos/controlplaneio-fluxcd/flux-operator/releases/assets/475574497"
provenance = "github-attestations"

[tools."github:controlplaneio-fluxcd/flux-operator"."platforms.macos-arm64"]
checksum = "sha256:90094f17601e536b7087147137f27b0cd0bfdf81aa33c2e12c20d22fc7d8889b"
url = "https://github.com/controlplaneio-fluxcd/flux-operator/releases/download/v0.55.0/flux-operator_0.55.0_darwin_arm64.tar.gz"
url_api = "https://api.github.com/repos/controlplaneio-fluxcd/flux-operator/releases/assets/475574496"
provenance = "github-attestations"

[tools."github:controlplaneio-fluxcd/flux-operator"."platforms.macos-x64"]
checksum = "sha256:b9c44e55b51a57565239e702bdc65fe6f7a38b632cbfa553716fc921d89e6e66"
url = "https://github.com/controlplaneio-fluxcd/flux-operator/releases/download/v0.55.0/flux-operator_0.55.0_darwin_amd64.tar.gz"
url_api = "https://api.github.com/repos/controlplaneio-fluxcd/flux-operator/releases/assets/475574499"
provenance = "github-attestations"

[tools."github:controlplaneio-fluxcd/flux-operator"."platforms.windows-x64"]
checksum = "sha256:9a3ab0c74910c2f42c0a0ce5d4ce89e6701122cb8bdbf56619d97c11ee62b649"
url = "https://github.com/controlplaneio-fluxcd/flux-operator/releases/download/v0.55.0/flux-operator_0.55.0_windows_amd64.zip"
url_api = "https://api.github.com/repos/controlplaneio-fluxcd/flux-operator/releases/assets/475574555"
provenance = "github-attestations"
