# @generated - this file is auto-generated by `mise lock` https://mise.jdx.dev/dev-tools/mise-lock.html

[[tools."aqua:kubernetes-sigs/kustomize"]]
version = "5.7.1"
backend = "aqua:kubernetes-sigs/kustomize"

[tools."aqua:kubernetes-sigs/kustomize"."platforms.linux-arm64"]
checksum = "sha256:4261a040217df3bd6896597c3986d1465925726e4f22a945304b5233a4dcdbda"
url = "https://github.com/kubernetes-sigs/kustomize/releases/download/kustomize/v5.7.1/kustomize_v5.7.1_linux_arm64.tar.gz"
url_api = "https://api.github.com/repos/kubernetes-sigs/kustomize/releases/assets/275587121"

[tools."aqua:kubernetes-sigs/kustomize"."platforms.linux-arm64-musl"]
checksum = "sha256:4261a040217df3bd6896597c3986d1465925726e4f22a945304b5233a4dcdbda"
url = "https://github.com/kubernetes-sigs/kustomize/releases/download/kustomize/v5.7.1/kustomize_v5.7.1_linux_arm64.tar.gz"
url_api = "https://api.github.com/repos/kubernetes-sigs/kustomize/releases/assets/275587121"

[tools."aqua:kubernetes-sigs/kustomize"."platforms.linux-x64"]
checksum = "sha256:ea375e7372f9aa029129d4b2d16c66b7750b7f1213c4f66f910d981c895818d8"
url = "https://github.com/kubernetes-sigs/kustomize/releases/download/kustomize/v5.7.1/kustomize_v5.7.1_linux_amd64.tar.gz"
url_api = "https://api.github.com/repos/kubernetes-sigs/kustomize/releases/assets/275587124"

[tools."aqua:kubernetes-sigs/kustomize"."platforms.linux-x64-musl"]
checksum = "sha256:ea375e7372f9aa029129d4b2d16c66b7750b7f1213c4f66f910d981c895818d8"
url = "https://github.com/kubernetes-sigs/kustomize/releases/download/kustomize/v5.7.1/kustomize_v5.7.1_linux_amd64.tar.gz"
url_api = "https://api.github.com/repos/kubernetes-sigs/kustomize/releases/assets/275587124"

[tools."aqua:kubernetes-sigs/kustomize"."platforms.macos-arm64"]
checksum = "sha256:073e9d16d5a235e2ff83e62d6b76edb5d962adbc33be1e4860c4b3f1f39b33b9"
url = "https://github.com/kubernetes-sigs/kustomize/releases/download/kustomize/v5.7.1/kustomize_v5.7.1_darwin_arm64.tar.gz"
url_api = "https://api.github.com/repos/kubernetes-sigs/kustomize/releases/assets/275587119"

[tools."aqua:kubernetes-sigs/kustomize"."platforms.macos-x64"]
checksum = "sha256:4a0dff80c5644df6bc8f51b342842969004cb6ba5f94dddaabbea7483493273d"
url = "https://github.com/kubernetes-sigs/kustomize/releases/download/kustomize/v5.7.1/kustomize_v5.7.1_darwin_amd64.tar.gz"
url_api = "https://api.github.com/repos/kubernetes-sigs/kustomize/releases/assets/275587122"

[tools."aqua:kubernetes-sigs/kustomize"."platforms.windows-x64"]
checksum = "sha256:4704f8b47582c1c52bf76a50b37178f7f7de17f892713794a8bf44b01b50e0ce"
url = "https://github.com/kubernetes-sigs/kustomize/releases/download/kustomize/v5.7.1/kustomize_v5.7.1_windows_amd64.zip"
url_api = "https://api.github.com/repos/kubernetes-sigs/kustomize/releases/assets/275587134"

[[tools."aqua:mikefarah/yq"]]
version = "4.53.4"
backend = "aqua:mikefarah/yq"

[tools."aqua:mikefarah/yq"."platforms.linux-arm64"]
checksum = "sha256:8c3cf4cff01536588947b6e0ba1544768039e34054cd9ca8a9e4c5706dfb8631"
url = "https://github.com/mikefarah/yq/releases/download/v4.53.4/yq_linux_arm64"
url_api = "https://api.github.com/repos/mikefarah/yq/releases/assets/520402292"
provenance = "cosign"

[tools."aqua:mikefarah/yq"."platforms.linux-arm64-musl"]
checksum = "sha256:8c3cf4cff01536588947b6e0ba1544768039e34054cd9ca8a9e4c5706dfb8631"
url = "https://github.com/mikefarah/yq/releases/download/v4.53.4/yq_linux_arm64"
url_api = "https://api.github.com/repos/mikefarah/yq/releases/assets/520402292"
provenance = "cosign"

[tools."aqua:mikefarah/yq"."platforms.linux-x64"]
checksum = "sha256:f67d8a6a2dc2308c961f83d5ba8707fd4c7c44ad77902fef87eb3a4646cdfa2a"
url = "https://github.com/mikefarah/yq/releases/download/v4.53.4/yq_linux_amd64"
url_api = "https://api.github.com/repos/mikefarah/yq/releases/assets/520402337"
provenance = "cosign"

[tools."aqua:mikefarah/yq"."platforms.linux-x64-musl"]
checksum = "sha256:f67d8a6a2dc2308c961f83d5ba8707fd4c7c44ad77902fef87eb3a4646cdfa2a"
url = "https://github.com/mikefarah/yq/releases/download/v4.53.4/yq_linux_amd64"
url_api = "https://api.github.com/repos/mikefarah/yq/releases/assets/520402337"
provenance = "cosign"

[tools."aqua:mikefarah/yq"."platforms.macos-arm64"]
checksum = "sha256:e2cf7aa3e7402a25798c4a131a8c38514efdabdc185ca081efd134448aef0428"
url = "https://github.com/mikefarah/yq/releases/download/v4.53.4/yq_darwin_arm64"
url_api = "https://api.github.com/repos/mikefarah/yq/releases/assets/520402323"
provenance = "cosign"

[tools."aqua:mikefarah/yq"."platforms.macos-x64"]
checksum = "sha256:5b81548feb916f7bc312fb0d119ea7c2103be81f12fbe7862d8ee435381f5613"
url = "https://github.com/mikefarah/yq/releases/download/v4.53.4/yq_darwin_amd64"
url_api = "https://api.github.com/repos/mikefarah/yq/releases/assets/520402310"
provenance = "cosign"

[tools."aqua:mikefarah/yq"."platforms.windows-x64"]
checksum = "sha256:acf5c8f9b49b173a30c413636a72a0cc4eccecc3eed137fd0b2c89587a1c8766"
url = "https://github.com/mikefarah/yq/releases/download/v4.53.4/yq_windows_amd64.exe"
url_api = "https://api.github.com/repos/mikefarah/yq/releases/assets/520402299"
provenance = "cosign"

[[tools."aqua:yannh/kubeconform"]]
version = "0.8.0"
backend = "aqua:yannh/kubeconform"

[tools."aqua:yannh/kubeconform"."platforms.linux-arm64"]
checksum = "sha256:1f53fc8e81258197a35e8603054162a5af1de8c5af13746c71ab680d9534ed87"
url = "https://github.com/yannh/kubeconform/releases/download/v0.8.0/kubeconform-linux-arm64.tar.gz"
url_api = "https://api.github.com/repos/yannh/kubeconform/releases/assets/438612685"

[tools."aqua:yannh/kubeconform"."platforms.linux-arm64-musl"]
checksum = "sha256:1f53fc8e81258197a35e8603054162a5af1de8c5af13746c71ab680d9534ed87"
url = "https://github.com/yannh/kubeconform/releases/download/v0.8.0/kubeconform-linux-arm64.tar.gz"
url_api = "https://api.github.com/repos/yannh/kubeconform/releases/assets/438612685"

[tools."aqua:yannh/kubeconform"."platforms.linux-x64"]
checksum = "sha256:9bc2bffbf71f261128533edaf912153948b7ff238f9a531ae6d34466ec287883"
url = "https://github.com/yannh/kubeconform/releases/download/v0.8.0/kubeconform-linux-amd64.tar.gz"
url_api = "https://api.github.com/repos/yannh/kubeconform/releases/assets/438612666"

[tools."aqua:yannh/kubeconform"."platforms.linux-x64-musl"]
checksum = "sha256:9bc2bffbf71f261128533edaf912153948b7ff238f9a531ae6d34466ec287883"
url = "https://github.com/yannh/kubeconform/releases/download/v0.8.0/kubeconform-linux-amd64.tar.gz"
url_api = "https://api.github.com/repos/yannh/kubeconform/releases/assets/438612666"

[tools."aqua:yannh/kubeconform"."platforms.macos-arm64"]
checksum = "sha256:f84f4dfbebf4a6b0b230385fa065a39ea35e02608c2b50d025dcf64775a69d67"
url = "https://github.com/yannh/kubeconform/releases/download/v0.8.0/kubeconform-darwin-arm64.tar.gz"
url_api = "https://api.github.com/repos/yannh/kubeconform/releases/assets/438612680"

[tools."aqua:yannh/kubeconform"."platforms.macos-x64"]
checksum = "sha256:71dbc87ac9f24099a62b93570e65aa06312ba6ac8aea63b7f86e9d999edf5a92"
url = "https://github.com/yannh/kubeconform/releases/download/v0.8.0/kubeconform-darwin-amd64.tar.gz"
url_api = "https://api.github.com/repos/yannh/kubeconform/releases/assets/438612679"

[tools."aqua:yannh/kubeconform"."platforms.windows-x64"]
checksum = "sha256:e3f56102bcf4f50b034a567e2482a1c5330799983ddd655952310211aef73d93"
url = "https://github.com/yannh/kubeconform/releases/download/v0.8.0/kubeconform-windows-amd64.zip"
url_api = "https://api.github.com/repos/yannh/kubeconform/releases/assets/438612665"

[[tools."github:controlplaneio-fluxcd/flux-operator"]]
version = "0.58.0"
backend = "github:controlplaneio-fluxcd/flux-operator"

[tools."github:controlplaneio-fluxcd/flux-operator"."platforms.linux-arm64"]
checksum = "sha256:ea1ff38f7f5e76f06f307a914dff0d092e05276702d701dfdc9163b5b7299bd0"
url = "https://github.com/controlplaneio-fluxcd/flux-operator/releases/download/v0.58.0/flux-operator_0.58.0_linux_arm64.tar.gz"
url_api = "https://api.github.com/repos/controlplaneio-fluxcd/flux-operator/releases/assets/505306993"
provenance = "github-attestations"

[tools."github:controlplaneio-fluxcd/flux-operator"."platforms.linux-arm64-musl"]
checksum = "sha256:ea1ff38f7f5e76f06f307a914dff0d092e05276702d701dfdc9163b5b7299bd0"
url = "https://github.com/controlplaneio-fluxcd/flux-operator/releases/download/v0.58.0/flux-operator_0.58.0_linux_arm64.tar.gz"
url_api = "https://api.github.com/repos/controlplaneio-fluxcd/flux-operator/releases/assets/505306993"
provenance = "github-attestations"

[tools."github:controlplaneio-fluxcd/flux-operator"."platforms.linux-x64"]
checksum = "sha256:5e1c1cb265bc101373039413b16614516423d8deb2193a3b10a9c0b3d6955ed1"
url = "https://github.com/controlplaneio-fluxcd/flux-operator/releases/download/v0.58.0/flux-operator_0.58.0_linux_amd64.tar.gz"
url_api = "https://api.github.com/repos/controlplaneio-fluxcd/flux-operator/releases/assets/505306995"
provenance = "github-attestations"
provenance_verified = true

[tools."github:controlplaneio-fluxcd/flux-operator"."platforms.linux-x64-musl"]
checksum = "sha256:5e1c1cb265bc101373039413b16614516423d8deb2193a3b10a9c0b3d6955ed1"
url = "https://github.com/controlplaneio-fluxcd/flux-operator/releases/download/v0.58.0/flux-operator_0.58.0_linux_amd64.tar.gz"
url_api = "https://api.github.com/repos/controlplaneio-fluxcd/flux-operator/releases/assets/505306995"
provenance = "github-attestations"

[tools."github:controlplaneio-fluxcd/flux-operator"."platforms.macos-arm64"]
checksum = "sha256:f26c9c1920da73029961b68d8d902fb280d0c2ec81a32a5af28ec706cc689db6"
url = "https://github.com/controlplaneio-fluxcd/flux-operator/releases/download/v0.58.0/flux-operator_0.58.0_darwin_arm64.tar.gz"
url_api = "https://api.github.com/repos/controlplaneio-fluxcd/flux-operator/releases/assets/505306994"
provenance = "github-attestations"
provenance_verified = true

[tools."github:controlplaneio-fluxcd/flux-operator"."platforms.macos-x64"]
checksum = "sha256:fc7ccaa85faead8fc9ff1bac3a572ea9ea2c2371a9d857c2885fbd36fd8a8bd4"
url = "https://github.com/controlplaneio-fluxcd/flux-operator/releases/download/v0.58.0/flux-operator_0.58.0_darwin_amd64.tar.gz"
url_api = "https://api.github.com/repos/controlplaneio-fluxcd/flux-operator/releases/assets/505306992"
provenance = "github-attestations"

[tools."github:controlplaneio-fluxcd/flux-operator"."platforms.windows-x64"]
checksum = "sha256:3207ca2a9b521608bd6f7f9b62a7be170cadef24da183c55784afa7e1a8411d6"
url = "https://github.com/controlplaneio-fluxcd/flux-operator/releases/download/v0.58.0/flux-operator_0.58.0_windows_amd64.zip"
url_api = "https://api.github.com/repos/controlplaneio-fluxcd/flux-operator/releases/assets/505307063"
provenance = "github-attestations"
